
Microsoft Visual Studio Solution File, Format Version 12.00
# Visual Studio Version 16
VisualStudioVersion = 16.0.29709.97
MinimumVisualStudioVersion = 10.0.40219.1
Project("{9A19103F-16F7-4668-BE54-9A1E7A4F7556}") = "RicoChat", "RicoChat\RicoChat.csproj", "{9CF1F6D5-D61C-4CB6-88C8-5F5DC04E43FE}"
EndProject
Global
	GlobalSection(SolutionConfigurationPlatforms) = preSolution
		Debug|Any CPU = Debug|Any CPU
		Release|Any CPU = Release|Any CPU
	EndGlobalSection
	GlobalSection(ProjectConfigurationPlatforms) = postSolution
		{9CF1F6D5-D61C-4CB6-88C8-5F5DC04E43FE}.Debug|Any CPU.ActiveCfg = Debug|Any CPU
		{9CF1F6D5-D61C-4CB6-88C8-5F5DC04E43FE}.Debug|Any CPU.Build.0 = Debug|Any CPU
		{9CF1F6D5-D61C-4CB6-88C8-5F5DC04E43FE}.Release|Any CPU.ActiveCfg = Release|Any CPU
		{9CF1F6D5-D61C-4CB6-88C8-5F5DC04E43FE}.Release|Any CPU.Build.0 = Release|Any CPU
	EndGlobalSection
	GlobalSection(SolutionProperties) = preSolution
		HideSolutionNode = FALSE
	EndGlobalSection
	GlobalSection(ExtensibilityGlobals) = postSolution
		SolutionGuid = {ADAA2D68-6AE0-49C7-942A-BE4CA6218242}
	EndGlobalSection
EndGlobal
